
Microsoft Visual Studio Solution File, Format Version 12.00
# Visual Studio Version 17
VisualStudioVersion = 17.0.32126.317
MinimumVisualStudioVersion = 10.0.40219.1
Project("{9A19103F-16F7-4668-BE54-9A1E7A4F7556}") = "TietoEvryUserList", "TietoEvryUserList\TietoEvryUserList.csproj", "{FEB5203F-F7A4-48C0-9812-D59669685B60}"
EndProject
Project("{2150E333-8FDC-42A3-9474-1A3956D46DE8}") = "Solution Items", "Solution Items", "{5F18EA54-15E5-46EA-9DD5-69BDE0F74D44}"
	ProjectSection(SolutionItems) = preProject
		.editorconfig = .editorconfig
	EndProjectSection
EndProject
Global
	GlobalSection(SolutionConfigurationPlatforms) = preSolution
		Debug|Any CPU = Debug|Any CPU
		Release|Any CPU = Release|Any CPU
	EndGlobalSection
	GlobalSection(ProjectConfigurationPlatforms) = postSolution
		{FEB5203F-F7A4-48C0-9812-D59669685B60}.Debug|Any CPU.ActiveCfg = Debug|Any CPU
		{FEB5203F-F7A4-48C0-9812-D59669685B60}.Debug|Any CPU.Build.0 = Debug|Any CPU
		{FEB5203F-F7A4-48C0-9812-D59669685B60}.Release|Any CPU.ActiveCfg = Release|Any CPU
		{FEB5203F-F7A4-48C0-9812-D59669685B60}.Release|Any CPU.Build.0 = Release|Any CPU
	EndGlobalSection
	GlobalSection(SolutionProperties) = preSolution
		HideSolutionNode = FALSE
	EndGlobalSection
	GlobalSection(ExtensibilityGlobals) = postSolution
		SolutionGuid = {67682786-99FC-4DDC-88CF-BB72633F6E1E}
	EndGlobalSection
EndGlobal
